// !$*UTF8*$!
{
	archiveVersion = 1;
	classes = {
	};
	objectVersion = 77;
	objects = {

/* Begin PBXBuildFile section */
		AED6B4402DCD00B100FB6EB2 /* WidgetKit.framework in Frameworks */ = {isa = PBXBuildFile; fileRef = AED6B43F2DCD00B100FB6EB2 /* WidgetKit.framework */; };
		AED6B4422DCD00B100FB6EB2 /* SwiftUI.framework in Frameworks */ = {isa = PBXBuildFile; fileRef = AED6B4412DCD00B100FB6EB2 /* SwiftUI.framework */; };
		AED6B4532DCD00B200FB6EB2 /* qui widget extension.appex in Embed Foundation Extensions */ = {isa = PBXBuildFile; fileRef = AED6B43D2DCD00B100FB6EB2 /* qui widget extension.appex */; settings = {ATTRIBUTES = (RemoveHeadersOnCopy, ); }; };
/* End PBXBuildFile section */

/* Begin PBXContainerItemProxy section */
		AED6B4512DCD00B200FB6EB2 /* PBXContainerItemProxy */ = {
			isa = PBXContainerItemProxy;
			containerPortal = AE3103A72DCBCC9200A36CDE /* Project object */;
			proxyType = 1;
			remoteGlobalIDString = AED6B43C2DCD00B100FB6EB2;
			remoteInfo = "Mission Rock Events Widget ExtensionExtension";
		};
/* End PBXContainerItemProxy section */

/* Begin PBXCopyFilesBuildPhase section */
		AED6B4582DCD00B200FB6EB2 /* Embed Foundation Extensions */ = {
			isa = PBXCopyFilesBuildPhase;
			buildActionMask = 2147483647;
			dstPath = "";
			dstSubfolderSpec = 13;
			files = (
				AED6B4532DCD00B200FB6EB2 /* qui widget extension.appex in Embed Foundation Extensions */,
			);
			name = "Embed Foundation Extensions";
			runOnlyForDeploymentPostprocessing = 0;
		};
/* End PBXCopyFilesBuildPhase section */

/* Begin PBXFileReference section */
		AE3103AF2DCBCC9200A36CDE /* qui.app */ = {isa = PBXFileReference; explicitFileType = wrapper.application; includeInIndex = 0; path = qui.app; sourceTree = BUILT_PRODUCTS_DIR; };
		AED6B43D2DCD00B100FB6EB2 /* qui widget extension.appex */ = {isa = PBXFileReference; explicitFileType = "wrapper.app-extension"; includeInIndex = 0; path = "qui widget extension.appex"; sourceTree = BUILT_PRODUCTS_DIR; };
		AED6B43F2DCD00B100FB6EB2 /* WidgetKit.framework */ = {isa = PBXFileReference; lastKnownFileType = wrapper.framework; name = WidgetKit.framework; path = System/Library/Frameworks/WidgetKit.framework; sourceTree = SDKROOT; };
		AED6B4412DCD00B100FB6EB2 /* SwiftUI.framework */ = {isa = PBXFileReference; lastKnownFileType = wrapper.framework; name = SwiftUI.framework; path = System/Library/Frameworks/SwiftUI.framework; sourceTree = SDKROOT; };
/* End PBXFileReference section */

/* Begin PBXFileSystemSynchronizedBuildFileExceptionSet section */
		AED6B4542DCD00B200FB6EB2 /* Exceptions for "qui extension" folder in "qui widget extension" target */ = {
			isa = PBXFileSystemSynchronizedBuildFileExceptionSet;
			membershipExceptions = (
				Info.plist,
			);
			target = AED6B43C2DCD00B100FB6EB2 /* qui widget extension */;
		};
		AED6B45A2DCD00C900FB6EB2 /* Exceptions for "qui" folder in "qui widget extension" target */ = {
			isa = PBXFileSystemSynchronizedBuildFileExceptionSet;
			membershipExceptions = (
				AppIntents/EventsForDateIntent.swift,
				AppIntents/QuiShortcutsProvider.swift,
				AppIntents/TodayEventsIntent.swift,
				Assets.xcassets,
				Dongles.swift,
				Model/EventLocation.swift,
				Model/EventSource.swift,
				Model/EventType.swift,
				Model/QuiEvent.swift,
				Model/QuiEventEntity.swift,
				Model/QuiEventQuery.swift,
				View/EventCard.swift,
				View/NoEventCard.swift,
				View/NoEventTitle.swift,
			);
			target = AED6B43C2DCD00B100FB6EB2 /* qui widget extension */;
		};
/* End PBXFileSystemSynchronizedBuildFileExceptionSet section */

/* Begin PBXFileSystemSynchronizedRootGroup section */
		AE3103B12DCBCC9200A36CDE /* qui */ = {
			isa = PBXFileSystemSynchronizedRootGroup;
			exceptions = (
				AED6B45A2DCD00C900FB6EB2 /* Exceptions for "qui" folder in "qui widget extension" target */,
			);
			path = qui;
			sourceTree = "<group>";
		};
		AED6B4432DCD00B100FB6EB2 /* qui extension */ = {
			isa = PBXFileSystemSynchronizedRootGroup;
			exceptions = (
				AED6B4542DCD00B200FB6EB2 /* Exceptions for "qui extension" folder in "qui widget extension" target */,
			);
			path = "qui extension";
			sourceTree = "<group>";
		};
/* End PBXFileSystemSynchronizedRootGroup section */

/* Begin PBXFrameworksBuildPhase section */
		AE3103AC2DCBCC9200A36CDE /* Frameworks */ = {
			isa = PBXFrameworksBuildPhase;
			buildActionMask = 2147483647;
			files = (
			);
			runOnlyForDeploymentPostprocessing = 0;
		};
		AED6B43A2DCD00B100FB6EB2 /* Frameworks */ = {
			isa = PBXFrameworksBuildPhase;
			buildActionMask = 2147483647;
			files = (
				AED6B4422DCD00B100FB6EB2 /* SwiftUI.framework in Frameworks */,
				AED6B4402DCD00B100FB6EB2 /* WidgetKit.framework in Frameworks */,
			);
			runOnlyForDeploymentPostprocessing = 0;
		};
/* End PBXFrameworksBuildPhase section */

/* Begin PBXGroup section */
		AE3103A62DCBCC9200A36CDE = {
			isa = PBXGroup;
			children = (
				AE3103B12DCBCC9200A36CDE /* qui */,
				AED6B4432DCD00B100FB6EB2 /* qui extension */,
				AED6B43E2DCD00B100FB6EB2 /* Frameworks */,
				AE3103B02DCBCC9200A36CDE /* Products */,
			);
			sourceTree = "<group>";
		};
		AE3103B02DCBCC9200A36CDE /* Products */ = {
			isa = PBXGroup;
			children = (
				AE3103AF2DCBCC9200A36CDE /* qui.app */,
				AED6B43D2DCD00B100FB6EB2 /* qui widget extension.appex */,
			);
			name = Products;
			sourceTree = "<group>";
		};
		AED6B43E2DCD00B100FB6EB2 /* Frameworks */ = {
			isa = PBXGroup;
			children = (
				AED6B43F2DCD00B100FB6EB2 /* WidgetKit.framework */,
				AED6B4412DCD00B100FB6EB2 /* SwiftUI.framework */,
			);
			name = Frameworks;
			sourceTree = "<group>";
		};
/* End PBXGroup section */

/* Begin PBXNativeTarget section */
		AE3103AE2DCBCC9200A36CDE /* qui */ = {
			isa = PBXNativeTarget;
			buildConfigurationList = AE3103BC2DCBCC9300A36CDE /* Build configuration list for PBXNativeTarget "qui" */;
			buildPhases = (
				AE3103AB2DCBCC9200A36CDE /* Sources */,
				AE3103AC2DCBCC9200A36CDE /* Frameworks */,
				AE3103AD2DCBCC9200A36CDE /* Resources */,
				AED6B4582DCD00B200FB6EB2 /* Embed Foundation Extensions */,
			);
			buildRules = (
			);
			dependencies = (
				AED6B4522DCD00B200FB6EB2 /* PBXTargetDependency */,
			);
			fileSystemSynchronizedGroups = (
				AE3103B12DCBCC9200A36CDE /* qui */,
			);
			name = qui;
			packageProductDependencies = (
			);
			productName = "Mission Rock Events";
			productReference = AE3103AF2DCBCC9200A36CDE /* qui.app */;
			productType = "com.apple.product-type.application";
		};
		AED6B43C2DCD00B100FB6EB2 /* qui widget extension */ = {
			isa = PBXNativeTarget;
			buildConfigurationList = AED6B4552DCD00B200FB6EB2 /* Build configuration list for PBXNativeTarget "qui widget extension" */;
			buildPhases = (
				AED6B4392DCD00B100FB6EB2 /* Sources */,
				AED6B43A2DCD00B100FB6EB2 /* Frameworks */,
				AED6B43B2DCD00B100FB6EB2 /* Resources */,
			);
			buildRules = (
			);
			dependencies = (
			);
			fileSystemSynchronizedGroups = (
				AED6B4432DCD00B100FB6EB2 /* qui extension */,
			);
			name = "qui widget extension";
			packageProductDependencies = (
			);
			productName = "Mission Rock Events Widget ExtensionExtension";
			productReference = AED6B43D2DCD00B100FB6EB2 /* qui widget extension.appex */;
			productType = "com.apple.product-type.app-extension";
		};
/* End PBXNativeTarget section */

/* Begin PBXProject section */
		AE3103A72DCBCC9200A36CDE /* Project object */ = {
			isa = PBXProject;
			attributes = {
				BuildIndependentTargetsInParallel = 1;
				LastSwiftUpdateCheck = 1630;
				LastUpgradeCheck = 1630;
				TargetAttributes = {
					AE3103AE2DCBCC9200A36CDE = {
						CreatedOnToolsVersion = 16.3;
					};
					AED6B43C2DCD00B100FB6EB2 = {
						CreatedOnToolsVersion = 16.3;
					};
				};
			};
			buildConfigurationList = AE3103AA2DCBCC9200A36CDE /* Build configuration list for PBXProject "qui" */;
			developmentRegion = en;
			hasScannedForEncodings = 0;
			knownRegions = (
				en,
				Base,
			);
			mainGroup = AE3103A62DCBCC9200A36CDE;
			minimizedProjectReferenceProxies = 1;
			preferredProjectObjectVersion = 77;
			productRefGroup = AE3103B02DCBCC9200A36CDE /* Products */;
			projectDirPath = "";
			projectRoot = "";
			targets = (
				AE3103AE2DCBCC9200A36CDE /* qui */,
				AED6B43C2DCD00B100FB6EB2 /* qui widget extension */,
			);
		};
/* End PBXProject section */

/* Begin PBXResourcesBuildPhase section */
		AE3103AD2DCBCC9200A36CDE /* Resources */ = {
			isa = PBXResourcesBuildPhase;
			buildActionMask = 2147483647;
			files = (
			);
			runOnlyForDeploymentPostprocessing = 0;
		};
		AED6B43B2DCD00B100FB6EB2 /* Resources */ = {
			isa = PBXResourcesBuildPhase;
			buildActionMask = 2147483647;
			files = (
			);
			runOnlyForDeploymentPostprocessing = 0;
		};
/* End PBXResourcesBuildPhase section */

/* Begin PBXSourcesBuildPhase section */
		AE3103AB2DCBCC9200A36CDE /* Sources */ = {
			isa = PBXSourcesBuildPhase;
			buildActionMask = 2147483647;
			files = (
			);
			runOnlyForDeploymentPostprocessing = 0;
		};
		AED6B4392DCD00B100FB6EB2 /* Sources */ = {
			isa = PBXSourcesBuildPhase;
			buildActionMask = 2147483647;
			files = (
			);
			runOnlyForDeploymentPostprocessing = 0;
		};
/* End PBXSourcesBuildPhase section */

/* Begin PBXTargetDependency section */
		AED6B4522DCD00B200FB6EB2 /* PBXTargetDependency */ = {
			isa = PBXTargetDependency;
			target = AED6B43C2DCD00B100FB6EB2 /* qui widget extension */;
			targetProxy = AED6B4512DCD00B200FB6EB2 /* PBXContainerItemProxy */;
		};
/* End PBXTargetDependency section */

/* Begin XCBuildConfiguration section */
		AE3103BA2DCBCC9300A36CDE /* Debug */ = {
			isa = XCBuildConfiguration;
			buildSettings = {
				ALWAYS_SEARCH_USER_PATHS = NO;
				ASSETCATALOG_COMPILER_GENERATE_SWIFT_ASSET_SYMBOL_EXTENSIONS = YES;
				CLANG_ANALYZER_NONNULL = YES;
				CLANG_ANALYZER_NUMBER_OBJECT_CONVERSION = YES_AGGRESSIVE;
				CLANG_CXX_LANGUAGE_STANDARD = "gnu++20";
				CLANG_ENABLE_MODULES = YES;
				CLANG_ENABLE_OBJC_ARC = YES;
				CLANG_ENABLE_OBJC_WEAK = YES;
				CLANG_WARN_BLOCK_CAPTURE_AUTORELEASING = YES;
				CLANG_WARN_BOOL_CONVERSION = YES;
				CLANG_WARN_COMMA = YES;
				CLANG_WARN_CONSTANT_CONVERSION = YES;
				CLANG_WARN_DEPRECATED_OBJC_IMPLEMENTATIONS = YES;
				CLANG_WARN_DIRECT_OBJC_ISA_USAGE = YES_ERROR;
				CLANG_WARN_DOCUMENTATION_COMMENTS = YES;
				CLANG_WARN_EMPTY_BODY = YES;
				CLANG_WARN_ENUM_CONVERSION = YES;
				CLANG_WARN_INFINITE_RECURSION = YES;
				CLANG_WARN_INT_CONVERSION = YES;
				CLANG_WARN_NON_LITERAL_NULL_CONVERSION = YES;
				CLANG_WARN_OBJC_IMPLICIT_RETAIN_SELF = YES;
				CLANG_WARN_OBJC_LITERAL_CONVERSION = YES;
				CLANG_WARN_OBJC_ROOT_CLASS = YES_ERROR;
				CLANG_WARN_QUOTED_INCLUDE_IN_FRAMEWORK_HEADER = YES;
				CLANG_WARN_RANGE_LOOP_ANALYSIS = YES;
				CLANG_WARN_STRICT_PROTOTYPES = YES;
				CLANG_WARN_SUSPICIOUS_MOVE = YES;
				CLANG_WARN_UNGUARDED_AVAILABILITY = YES_AGGRESSIVE;
				CLANG_WARN_UNREACHABLE_CODE = YES;
				CLANG_WARN__DUPLICATE_METHOD_MATCH = YES;
				COPY_PHASE_STRIP = NO;
				DEBUG_INFORMATION_FORMAT = dwarf;
				DEVELOPMENT_TEAM = T2N6RA2S89;
				ENABLE_STRICT_OBJC_MSGSEND = YES;
				ENABLE_TESTABILITY = YES;
				ENABLE_USER_SCRIPT_SANDBOXING = YES;
				GCC_C_LANGUAGE_STANDARD = gnu17;
				GCC_DYNAMIC_NO_PIC = NO;
				GCC_NO_COMMON_BLOCKS = YES;
				GCC_OPTIMIZATION_LEVEL = 0;
				GCC_PREPROCESSOR_DEFINITIONS = (
					"DEBUG=1",
					"$(inherited)",
				);
				GCC_WARN_64_TO_32_BIT_CONVERSION = YES;
				GCC_WARN_ABOUT_RETURN_TYPE = YES_ERROR;
				GCC_WARN_UNDECLARED_SELECTOR = YES;
				GCC_WARN_UNINITIALIZED_AUTOS = YES_AGGRESSIVE;
				GCC_WARN_UNUSED_FUNCTION = YES;
				GCC_WARN_UNUSED_VARIABLE = YES;
				IPHONEOS_DEPLOYMENT_TARGET = 18.4;
				LOCALIZATION_PREFERS_STRING_CATALOGS = YES;
				MTL_ENABLE_DEBUG_INFO = INCLUDE_SOURCE;
				MTL_FAST_MATH = YES;
				ONLY_ACTIVE_ARCH = YES;
				SDKROOT = iphoneos;
				SWIFT_ACTIVE_COMPILATION_CONDITIONS = "DEBUG $(inherited)";
				SWIFT_OPTIMIZATION_LEVEL = "-Onone";
			};
			name = Debug;
		};
		AE3103BB2DCBCC9300A36CDE /* Release */ = {
			isa = XCBuildConfiguration;
			buildSettings = {
				ALWAYS_SEARCH_USER_PATHS = NO;
				ASSETCATALOG_COMPILER_GENERATE_SWIFT_ASSET_SYMBOL_EXTENSIONS = YES;
				CLANG_ANALYZER_NONNULL = YES;
				CLANG_ANALYZER_NUMBER_OBJECT_CONVERSION = YES_AGGRESSIVE;
				CLANG_CXX_LANGUAGE_STANDARD = "gnu++20";
				CLANG_ENABLE_MODULES = YES;
				CLANG_ENABLE_OBJC_ARC = YES;
				CLANG_ENABLE_OBJC_WEAK = YES;
				CLANG_WARN_BLOCK_CAPTURE_AUTORELEASING = YES;
				CLANG_WARN_BOOL_CONVERSION = YES;
				CLANG_WARN_COMMA = YES;
				CLANG_WARN_CONSTANT_CONVERSION = YES;
				CLANG_WARN_DEPRECATED_OBJC_IMPLEMENTATIONS = YES;
				CLANG_WARN_DIRECT_OBJC_ISA_USAGE = YES_ERROR;
				CLANG_WARN_DOCUMENTATION_COMMENTS = YES;
				CLANG_WARN_EMPTY_BODY = YES;
				CLANG_WARN_ENUM_CONVERSION = YES;
				CLANG_WARN_INFINITE_RECURSION = YES;
				CLANG_WARN_INT_CONVERSION = YES;
				CLANG_WARN_NON_LITERAL_NULL_CONVERSION = YES;
				CLANG_WARN_OBJC_IMPLICIT_RETAIN_SELF = YES;
				CLANG_WARN_OBJC_LITERAL_CONVERSION = YES;
				CLANG_WARN_OBJC_ROOT_CLASS = YES_ERROR;
				CLANG_WARN_QUOTED_INCLUDE_IN_FRAMEWORK_HEADER = YES;
				CLANG_WARN_RANGE_LOOP_ANALYSIS = YES;
				CLANG_WARN_STRICT_PROTOTYPES = YES;
				CLANG_WARN_SUSPICIOUS_MOVE = YES;
				CLANG_WARN_UNGUARDED_AVAILABILITY = YES_AGGRESSIVE;
				CLANG_WARN_UNREACHABLE_CODE = YES;
				CLANG_WARN__DUPLICATE_METHOD_MATCH = YES;
				COPY_PHASE_STRIP = NO;
				DEBUG_INFORMATION_FORMAT = "dwarf-with-dsym";
				DEVELOPMENT_TEAM = T2N6RA2S89;
				ENABLE_NS_ASSERTIONS = NO;
				ENABLE_STRICT_OBJC_MSGSEND = YES;
				ENABLE_USER_SCRIPT_SANDBOXING = YES;
				GCC_C_LANGUAGE_STANDARD = gnu17;
				GCC_NO_COMMON_BLOCKS = YES;
				GCC_WARN_64_TO_32_BIT_CONVERSION = YES;
				GCC_WARN_ABOUT_RETURN_TYPE = YES_ERROR;
				GCC_WARN_UNDECLARED_SELECTOR = YES;
				GCC_WARN_UNINITIALIZED_AUTOS = YES_AGGRESSIVE;
				GCC_WARN_UNUSED_FUNCTION = YES;
				GCC_WARN_UNUSED_VARIABLE = YES;
				IPHONEOS_DEPLOYMENT_TARGET = 18.4;
				LOCALIZATION_PREFERS_STRING_CATALOGS = YES;
				MTL_ENABLE_DEBUG_INFO = NO;
				MTL_FAST_MATH = YES;
				SDKROOT = iphoneos;
				SWIFT_COMPILATION_MODE = wholemodule;
				VALIDATE_PRODUCT = YES;
			};
			name = Release;
		};
		AE3103BD2DCBCC9300A36CDE /* Debug */ = {
			isa = XCBuildConfiguration;
			buildSettings = {
				ASSETCATALOG_COMPILER_APPICON_NAME = AppIcon;
				ASSETCATALOG_COMPILER_GLOBAL_ACCENT_COLOR_NAME = AccentColor;
				CODE_SIGN_ENTITLEMENTS = qui/qui.entitlements;
				CODE_SIGN_STYLE = Automatic;
				CURRENT_PROJECT_VERSION = 1;
				DEVELOPMENT_TEAM = T2N6RA2S89;
				ENABLE_PREVIEWS = YES;
				GENERATE_INFOPLIST_FILE = YES;
				INFOPLIST_KEY_UIApplicationSceneManifest_Generation = YES;
				INFOPLIST_KEY_UIApplicationSupportsIndirectInputEvents = YES;
				INFOPLIST_KEY_UILaunchScreen_Generation = YES;
				INFOPLIST_KEY_UISupportedInterfaceOrientations_iPad = "UIInterfaceOrientationPortrait UIInterfaceOrientationPortraitUpsideDown UIInterfaceOrientationLandscapeLeft UIInterfaceOrientationLandscapeRight";
				INFOPLIST_KEY_UISupportedInterfaceOrientations_iPhone = "UIInterfaceOrientationPortrait UIInterfaceOrientationLandscapeLeft UIInterfaceOrientationLandscapeRight";
				LD_RUNPATH_SEARCH_PATHS = (
					"$(inherited)",
					"@executable_path/Frameworks",
				);
				MARKETING_VERSION = 1.0;
				PRODUCT_BUNDLE_IDENTIFIER = com.joecieplinski.qui;
				PRODUCT_NAME = "$(TARGET_NAME)";
				SWIFT_EMIT_LOC_STRINGS = YES;
				SWIFT_VERSION = 5.0;
				TARGETED_DEVICE_FAMILY = "1,2";
			};
			name = Debug;
		};
		AE3103BE2DCBCC9300A36CDE /* Release */ = {
			isa = XCBuildConfiguration;
			buildSettings = {
				ASSETCATALOG_COMPILER_APPICON_NAME = AppIcon;
				ASSETCATALOG_COMPILER_GLOBAL_ACCENT_COLOR_NAME = AccentColor;
				CODE_SIGN_ENTITLEMENTS = qui/qui.entitlements;
				CODE_SIGN_STYLE = Automatic;
				CURRENT_PROJECT_VERSION = 1;
				DEVELOPMENT_TEAM = T2N6RA2S89;
				ENABLE_PREVIEWS = YES;
				GENERATE_INFOPLIST_FILE = YES;
				INFOPLIST_KEY_UIApplicationSceneManifest_Generation = YES;
				INFOPLIST_KEY_UIApplicationSupportsIndirectInputEvents = YES;
				INFOPLIST_KEY_UILaunchScreen_Generation = YES;
				INFOPLIST_KEY_UISupportedInterfaceOrientations_iPad = "UIInterfaceOrientationPortrait UIInterfaceOrientationPortraitUpsideDown UIInterfaceOrientationLandscapeLeft UIInterfaceOrientationLandscapeRight";
				INFOPLIST_KEY_UISupportedInterfaceOrientations_iPhone = "UIInterfaceOrientationPortrait UIInterfaceOrientationLandscapeLeft UIInterfaceOrientationLandscapeRight";
				LD_RUNPATH_SEARCH_PATHS = (
					"$(inherited)",
					"@executable_path/Frameworks",
				);
				MARKETING_VERSION = 1.0;
				PRODUCT_BUNDLE_IDENTIFIER = com.joecieplinski.qui;
				PRODUCT_NAME = "$(TARGET_NAME)";
				SWIFT_EMIT_LOC_STRINGS = YES;
				SWIFT_VERSION = 5.0;
				TARGETED_DEVICE_FAMILY = "1,2";
			};
			name = Release;
		};
		AED6B4562DCD00B200FB6EB2 /* Debug */ = {
			isa = XCBuildConfiguration;
			buildSettings = {
				ASSETCATALOG_COMPILER_GLOBAL_ACCENT_COLOR_NAME = AccentColor;
				ASSETCATALOG_COMPILER_WIDGET_BACKGROUND_COLOR_NAME = WidgetBackground;
				CODE_SIGN_ENTITLEMENTS = "qui Extension/qui Widget Extension.entitlements";
				CODE_SIGN_IDENTITY = "Apple Development";
				CODE_SIGN_STYLE = Automatic;
				CURRENT_PROJECT_VERSION = 1;
				DEVELOPMENT_TEAM = T2N6RA2S89;
				GENERATE_INFOPLIST_FILE = YES;
				INFOPLIST_FILE = "qui extension/Info.plist";
				INFOPLIST_KEY_CFBundleDisplayName = "qui Widget Extension";
				INFOPLIST_KEY_NSHumanReadableCopyright = "";
				LD_RUNPATH_SEARCH_PATHS = (
					"$(inherited)",
					"@executable_path/Frameworks",
					"@executable_path/../../Frameworks",
				);
				MARKETING_VERSION = 1.0;
				PRODUCT_BUNDLE_IDENTIFIER = "com.joecieplinski.qui.qui-Widget-Extension";
				PRODUCT_NAME = "$(TARGET_NAME)";
				PROVISIONING_PROFILE_SPECIFIER = "";
				SKIP_INSTALL = YES;
				SWIFT_EMIT_LOC_STRINGS = YES;
				SWIFT_VERSION = 5.0;
				TARGETED_DEVICE_FAMILY = "1,2";
			};
			name = Debug;
		};
		AED6B4572DCD00B200FB6EB2 /* Release */ = {
			isa = XCBuildConfiguration;
			buildSettings = {
				ASSETCATALOG_COMPILER_GLOBAL_ACCENT_COLOR_NAME = AccentColor;
				ASSETCATALOG_COMPILER_WIDGET_BACKGROUND_COLOR_NAME = WidgetBackground;
				CODE_SIGN_ENTITLEMENTS = "qui Extension/qui Widget Extension.entitlements";
				CODE_SIGN_IDENTITY = "Apple Development";
				CODE_SIGN_STYLE = Automatic;
				CURRENT_PROJECT_VERSION = 1;
				DEVELOPMENT_TEAM = T2N6RA2S89;
				GENERATE_INFOPLIST_FILE = YES;
				INFOPLIST_FILE = "qui extension/Info.plist";
				INFOPLIST_KEY_CFBundleDisplayName = "qui Widget Extension";
				INFOPLIST_KEY_NSHumanReadableCopyright = "";
				LD_RUNPATH_SEARCH_PATHS = (
					"$(inherited)",
					"@executable_path/Frameworks",
					"@executable_path/../../Frameworks",
				);
				MARKETING_VERSION = 1.0;
				PRODUCT_BUNDLE_IDENTIFIER = "com.joecieplinski.qui.qui-Widget-Extension";
				PRODUCT_NAME = "$(TARGET_NAME)";
				PROVISIONING_PROFILE_SPECIFIER = "";
				SKIP_INSTALL = YES;
				SWIFT_EMIT_LOC_STRINGS = YES;
				SWIFT_VERSION = 5.0;
				TARGETED_DEVICE_FAMILY = "1,2";
			};
			name = Release;
		};
/* End XCBuildConfiguration section */

/* Begin XCConfigurationList section */
		AE3103AA2DCBCC9200A36CDE /* Build configuration list for PBXProject "qui" */ = {
			isa = XCConfigurationList;
			buildConfigurations = (
				AE3103BA2DCBCC9300A36CDE /* Debug */,
				AE3103BB2DCBCC9300A36CDE /* Release */,
			);
			defaultConfigurationIsVisible = 0;
			defaultConfigurationName = Release;
		};
		AE3103BC2DCBCC9300A36CDE /* Build configuration list for PBXNativeTarget "qui" */ = {
			isa = XCConfigurationList;
			buildConfigurations = (
				AE3103BD2DCBCC9300A36CDE /* Debug */,
				AE3103BE2DCBCC9300A36CDE /* Release */,
			);
			defaultConfigurationIsVisible = 0;
			defaultConfigurationName = Release;
		};
		AED6B4552DCD00B200FB6EB2 /* Build configuration list for PBXNativeTarget "qui widget extension" */ = {
			isa = XCConfigurationList;
			buildConfigurations = (
				AED6B4562DCD00B200FB6EB2 /* Debug */,
				AED6B4572DCD00B200FB6EB2 /* Release */,
			);
			defaultConfigurationIsVisible = 0;
			defaultConfigurationName = Release;
		};
/* End XCConfigurationList section */
	};
	rootObject = AE3103A72DCBCC9200A36CDE /* Project object */;
}
